<Solution>
  <Folder Name="/src/">
    <Project Path="src/Zhuiying.MainSite/Zhuiying.MainSite.csproj" />
    <Project Path="src/Zhuiying.Hub/Zhuiying.Hub.csproj" />
    <Project Path="src/Zhuiying.Shared/Zhuiying.Shared.csproj" />
    <Project Path="src/Zhuiying.TgBot/Zhuiying.TgBot.csproj" />
  </Folder>
</Solution>
